
Microsoft Visual Studio Solution File, Format Version 12.00
# Visual Studio 15
VisualStudioVersion = 15.0.28010.2050
MinimumVisualStudioVersion = 10.0.40219.1
Project("{9A19103F-16F7-4668-BE54-9A1E7A4F7556}") = "NetCoreConsoleApp", "NetCoreConsoleApp.csproj", "{6FFCEE7D-2C3A-4974-81ED-CED00892EC0D}"
EndProject
Project("{2150E333-8FDC-42A3-9474-1A3956D46DE8}") = "Solution Items", "Solution Items", "{E36341C4-35F9-4DEE-BF8A-B85F1F2827D5}"
EndProject
Project("{FAE04EC0-301F-11D3-BF4B-00C04F79EFBC}") = "NetCoreConsoleAppTest", "..\NetCoreConsoleAppTest\NetCoreConsoleAppTest.csproj", "{90EA0827-7AEF-4875-9C45-57B59552A15C}"
EndProject
Global
	GlobalSection(SolutionConfigurationPlatforms) = preSolution
		Debug|Any CPU = Debug|Any CPU
		Release|Any CPU = Release|Any CPU
	EndGlobalSection
	GlobalSection(ProjectConfigurationPlatforms) = postSolution
		{6FFCEE7D-2C3A-4974-81ED-CED00892EC0D}.Debug|Any CPU.ActiveCfg = Debug|Any CPU
		{6FFCEE7D-2C3A-4974-81ED-CED00892EC0D}.Debug|Any CPU.Build.0 = Debug|Any CPU
		{6FFCEE7D-2C3A-4974-81ED-CED00892EC0D}.Release|Any CPU.ActiveCfg = Release|Any CPU
		{6FFCEE7D-2C3A-4974-81ED-CED00892EC0D}.Release|Any CPU.Build.0 = Release|Any CPU
		{90EA0827-7AEF-4875-9C45-57B59552A15C}.Debug|Any CPU.ActiveCfg = Debug|Any CPU
		{90EA0827-7AEF-4875-9C45-57B59552A15C}.Debug|Any CPU.Build.0 = Debug|Any CPU
		{90EA0827-7AEF-4875-9C45-57B59552A15C}.Release|Any CPU.ActiveCfg = Release|Any CPU
		{90EA0827-7AEF-4875-9C45-57B59552A15C}.Release|Any CPU.Build.0 = Release|Any CPU
	EndGlobalSection
	GlobalSection(SolutionProperties) = preSolution
		HideSolutionNode = FALSE
	EndGlobalSection
	GlobalSection(ExtensibilityGlobals) = postSolution
		SolutionGuid = {BCC3F7B9-EBAC-43B0-9AEE-6B50C15445F4}
	EndGlobalSection
EndGlobal
